
Microsoft Visual Studio Solution File, Format Version 12.00
# Visual Studio Version 16
VisualStudioVersion = 16.0.28803.452
MinimumVisualStudioVersion = 10.0.40219.1
Project("{FAE04EC0-301F-11D3-BF4B-00C04F79EFBC}") = "SimpleCalculator.Test.Unit", "SimpleCalculator.Test.Unit\SimpleCalculator.Test.Unit.csproj", "{F7AC7B39-E8F9-4DD4-9A49-410B90D89247}"
EndProject
Project("{FAE04EC0-301F-11D3-BF4B-00C04F79EFBC}") = "SimpleCalculator", "SimpleCalculator\SimpleCalculator.csproj", "{8779BE8C-A0F9-42F6-9E43-41667F30C376}"
EndProject
Global
	GlobalSection(SolutionConfigurationPlatforms) = preSolution
		Debug|Any CPU = Debug|Any CPU
		Release|Any CPU = Release|Any CPU
	EndGlobalSection
	GlobalSection(ProjectConfigurationPlatforms) = postSolution
		{F7AC7B39-E8F9-4DD4-9A49-410B90D89247}.Debug|Any CPU.ActiveCfg = Debug|Any CPU
		{F7AC7B39-E8F9-4DD4-9A49-410B90D89247}.Debug|Any CPU.Build.0 = Debug|Any CPU
		{F7AC7B39-E8F9-4DD4-9A49-410B90D89247}.Release|Any CPU.ActiveCfg = Release|Any CPU
		{F7AC7B39-E8F9-4DD4-9A49-410B90D89247}.Release|Any CPU.Build.0 = Release|Any CPU
		{8779BE8C-A0F9-42F6-9E43-41667F30C376}.Debug|Any CPU.ActiveCfg = Debug|Any CPU
		{8779BE8C-A0F9-42F6-9E43-41667F30C376}.Debug|Any CPU.Build.0 = Debug|Any CPU
		{8779BE8C-A0F9-42F6-9E43-41667F30C376}.Release|Any CPU.ActiveCfg = Release|Any CPU
		{8779BE8C-A0F9-42F6-9E43-41667F30C376}.Release|Any CPU.Build.0 = Release|Any CPU
	EndGlobalSection
	GlobalSection(SolutionProperties) = preSolution
		HideSolutionNode = FALSE
	EndGlobalSection
	GlobalSection(ExtensibilityGlobals) = postSolution
		SolutionGuid = {25116A74-82BC-44D9-A409-76604A143CF6}
	EndGlobalSection
EndGlobal
